// !$*UTF8*$!
{
	archiveVersion = 1;
	classes = {
	};
	objectVersion = 46;
	objects = {

/* Begin PBXBuildFile section */
		639F7E791DB9F4D000EA3ABE /* main.m in Sources */ = {isa = PBXBuildFile; fileRef = 639F7E781DB9F4D000EA3ABE /* main.m */; };
/* End PBXBuildFile section */

/* Begin PBXCopyFilesBuildPhase section */
		639F7E731DB9F4D000EA3ABE /* CopyFiles */ = {
			isa = PBXCopyFilesBuildPhase;
			buildActionMask = 2147483647;
			dstPath = /usr/share/man/man1/;
			dstSubfolderSpec = 0;
			files = (
			);
			runOnlyForDeploymentPostprocessing = 1;
		};
/* End PBXCopyFilesBuildPhase section */

/* Begin PBXFileReference section */
		639F7E751DB9F4D000EA3ABE /* skObjective-c even odd */ = {isa = PBXFileReference; explicitFileType = "compiled.mach-o.executable"; includeInIndex = 0; path = "skObjective-c even odd"; sourceTree = BUILT_PRODUCTS_DIR; };
		639F7E781DB9F4D000EA3ABE /* main.m */ = {isa = PBXFileReference; lastKnownFileType = sourcecode.c.objc; path = main.m; sourceTree = "<group>"; };
/* End PBXFileReference section */

/* Begin PBXFrameworksBuildPhase section */
		639F7E721DB9F4D000EA3ABE /* Frameworks */ = {
			isa = PBXFrameworksBuildPhase;
			buildActionMask = 2147483647;
			files = (
			);
			runOnlyForDeploymentPostprocessing = 0;
		};
/* End PBXFrameworksBuildPhase section */

/* Begin PBXGroup section */
		639F7E6C1DB9F4D000EA3ABE = {
			isa = PBXGroup;
			children = (
				639F7E771DB9F4D000EA3ABE /* skObjective-c even odd */,
				639F7E761DB9F4D000EA3ABE /* Products */,
			);
			sourceTree = "<group>";
		};
		639F7E761DB9F4D000EA3ABE /* Products */ = {
			isa = PBXGroup;
			children = (
				639F7E751DB9F4D000EA3ABE /* skObjective-c even odd */,
			);
			name = Products;
			sourceTree = "<group>";
		};
		639F7E771DB9F4D000EA3ABE /* skObjective-c even odd */ = {
			isa = PBXGroup;
			children = (
				639F7E781DB9F4D000EA3ABE /* main.m */,
			);
			path = "skObjective-c even odd";
			sourceTree = "<group>";
		};
/* End PBXGroup section */

/* Begin PBXNativeTarget section */
		639F7E741DB9F4D000EA3ABE /* skObjective-c even odd */ = {
			isa = PBXNativeTarget;
			buildConfigurationList = 639F7E7C1DB9F4D000EA3ABE /* Build configuration list for PBXNativeTarget "skObjective-c even odd" */;
			buildPhases = (
				639F7E711DB9F4D000EA3ABE /* Sources */,
				639F7E721DB9F4D000EA3ABE /* Frameworks */,
				639F7E731DB9F4D000EA3ABE /* CopyFiles */,
			);
			buildRules = (
			);
			dependencies = (
			);
			name = "skObjective-c even odd";
			productName = "skObjective-c even odd";
			productReference = 639F7E751DB9F4D000EA3ABE /* skObjective-c even odd */;
			productType = "com.apple.product-type.tool";
		};
/* End PBXNativeTarget section */

/* Begin PBXProject section */
		639F7E6D1DB9F4D000EA3ABE /* Project object */ = {
			isa = PBXProject;
			attributes = {
				LastUpgradeCheck = 0730;
				ORGANIZATIONNAME = "siddharth koshiyar";
				TargetAttributes = {
					639F7E741DB9F4D000EA3ABE = {
						CreatedOnToolsVersion = 7.3.1;
					};
				};
			};
			buildConfigurationList = 639F7E701DB9F4D000EA3ABE /* Build configuration list for PBXProject "skObjective-c even odd" */;
			compatibilityVersion = "Xcode 3.2";
			developmentRegion = English;
			hasScannedForEncodings = 0;
			knownRegions = (
				en,
			);
			mainGroup = 639F7E6C1DB9F4D000EA3ABE;
			productRefGroup = 639F7E761DB9F4D000EA3ABE /* Products */;
			projectDirPath = "";
			projectRoot = "";
			targets = (
				639F7E741DB9F4D000EA3ABE /* skObjective-c even odd */,
			);
		};
/* End PBXProject section */

/* Begin PBXSourcesBuildPhase section */
		639F7E711DB9F4D000EA3ABE /* Sources */ = {
			isa = PBXSourcesBuildPhase;
			buildActionMask = 2147483647;
			files = (
				639F7E791DB9F4D000EA3ABE /* main.m in Sources */,
			);
			runOnlyForDeploymentPostprocessing = 0;
		};
/* End PBXSourcesBuildPhase section */

/* Begin XCBuildConfiguration section */
		639F7E7A1DB9F4D000EA3ABE /* Debug */ = {
			isa = XCBuildConfiguration;
			buildSettings = {
				ALWAYS_SEARCH_USER_PATHS = NO;
				CLANG_ANALYZER_NONNULL = YES;
				CLANG_CXX_LANGUAGE_STANDARD = "gnu++0x";
				CLANG_CXX_LIBRARY = "libc++";
				CLANG_ENABLE_MODULES = YES;
				CLANG_ENABLE_OBJC_ARC = YES;
				CLANG_WARN_BOOL_CONVERSION = YES;
				CLANG_WARN_CONSTANT_CONVERSION = YES;
				CLANG_WARN_DIRECT_OBJC_ISA_USAGE = YES_ERROR;
				CLANG_WARN_EMPTY_BODY = YES;
				CLANG_WARN_ENUM_CONVERSION = YES;
				CLANG_WARN_INT_CONVERSION = YES;
				CLANG_WARN_OBJC_ROOT_CLASS = YES_ERROR;
				CLANG_WARN_UNREACHABLE_CODE = YES;
				CLANG_WARN__DUPLICATE_METHOD_MATCH = YES;
				CODE_SIGN_IDENTITY = "-";
				COPY_PHASE_STRIP = NO;
				DEBUG_INFORMATION_FORMAT = dwarf;
				ENABLE_STRICT_OBJC_MSGSEND = YES;
				ENABLE_TESTABILITY = YES;
				GCC_C_LANGUAGE_STANDARD = gnu99;
				GCC_DYNAMIC_NO_PIC = NO;
				GCC_NO_COMMON_BLOCKS = YES;
				GCC_OPTIMIZATION_LEVEL = 0;
				GCC_PREPROCESSOR_DEFINITIONS = (
					"DEBUG=1",
					"$(inherited)",
				);
				GCC_WARN_64_TO_32_BIT_CONVERSION = YES;
				GCC_WARN_ABOUT_RETURN_TYPE = YES_ERROR;
				GCC_WARN_UNDECLARED_SELECTOR = YES;
				GCC_WARN_UNINITIALIZED_AUTOS = YES_AGGRESSIVE;
				GCC_WARN_UNUSED_FUNCTION = YES;
				GCC_WARN_UNUSED_VARIABLE = YES;
				MACOSX_DEPLOYMENT_TARGET = 10.11;
				MTL_ENABLE_DEBUG_INFO = YES;
				ONLY_ACTIVE_ARCH = YES;
				SDKROOT = macosx;
			};
			name = Debug;
		};
		639F7E7B1DB9F4D000EA3ABE /* Release */ = {
			isa = XCBuildConfiguration;
			buildSettings = {
				ALWAYS_SEARCH_USER_PATHS = NO;
				CLANG_ANALYZER_NONNULL = YES;
				CLANG_CXX_LANGUAGE_STANDARD = "gnu++0x";
				CLANG_CXX_LIBRARY = "libc++";
				CLANG_ENABLE_MODULES = YES;
				CLANG_ENABLE_OBJC_ARC = YES;
				CLANG_WARN_BOOL_CONVERSION = YES;
				CLANG_WARN_CONSTANT_CONVERSION = YES;
				CLANG_WARN_DIRECT_OBJC_ISA_USAGE = YES_ERROR;
				CLANG_WARN_EMPTY_BODY = YES;
				CLANG_WARN_ENUM_CONVERSION = YES;
				CLANG_WARN_INT_CONVERSION = YES;
				CLANG_WARN_OBJC_ROOT_CLASS = YES_ERROR;
				CLANG_WARN_UNREACHABLE_CODE = YES;
				CLANG_WARN__DUPLICATE_METHOD_MATCH = YES;
				CODE_SIGN_IDENTITY = "-";
				COPY_PHASE_STRIP = NO;
				DEBUG_INFORMATION_FORMAT = "dwarf-with-dsym";
				ENABLE_NS_ASSERTIONS = NO;
				ENABLE_STRICT_OBJC_MSGSEND = YES;
				GCC_C_LANGUAGE_STANDARD = gnu99;
				GCC_NO_COMMON_BLOCKS = YES;
				GCC_WARN_64_TO_32_BIT_CONVERSION = YES;
				GCC_WARN_ABOUT_RETURN_TYPE = YES_ERROR;
				GCC_WARN_UNDECLARED_SELECTOR = YES;
				GCC_WARN_UNINITIALIZED_AUTOS = YES_AGGRESSIVE;
				GCC_WARN_UNUSED_FUNCTION = YES;
				GCC_WARN_UNUSED_VARIABLE = YES;
				MACOSX_DEPLOYMENT_TARGET = 10.11;
				MTL_ENABLE_DEBUG_INFO = NO;
				SDKROOT = macosx;
			};
			name = Release;
		};
		639F7E7D1DB9F4D000EA3ABE /* Debug */ = {
			isa = XCBuildConfiguration;
			buildSettings = {
				PRODUCT_NAME = "$(TARGET_NAME)";
			};
			name = Debug;
		};
		639F7E7E1DB9F4D000EA3ABE /* Release */ = {
			isa = XCBuildConfiguration;
			buildSettings = {
				PRODUCT_NAME = "$(TARGET_NAME)";
			};
			name = Release;
		};
/* End XCBuildConfiguration section */

/* Begin XCConfigurationList section */
		639F7E701DB9F4D000EA3ABE /* Build configuration list for PBXProject "skObjective-c even odd" */ = {
			isa = XCConfigurationList;
			buildConfigurations = (
				639F7E7A1DB9F4D000EA3ABE /* Debug */,
				639F7E7B1DB9F4D000EA3ABE /* Release */,
			);
			defaultConfigurationIsVisible = 0;
			defaultConfigurationName = Release;
		};
		639F7E7C1DB9F4D000EA3ABE /* Build configuration list for PBXNativeTarget "skObjective-c even odd" */ = {
			isa = XCConfigurationList;
			buildConfigurations = (
				639F7E7D1DB9F4D000EA3ABE /* Debug */,
				639F7E7E1DB9F4D000EA3ABE /* Release */,
			);
			defaultConfigurationIsVisible = 0;
		};
/* End XCConfigurationList section */
	};
	rootObject = 639F7E6D1DB9F4D000EA3ABE /* Project object */;
}
